PODS:
  - SimpleImagePicker (1.0.0)

DEPENDENCIES:
  - SimpleImagePicker (from `../`)

EXTERNAL SOURCES:
  SimpleImagePicker:
    :path: "../"

SPEC CHECKSUMS:
  SimpleImagePicker: 08af438c02ffd862dbd6d0b429addf29c748b8d1

PODFILE CHECKSUM: 8f7641ac8c224df62a34d4a31f629d6d4527791b

COCOAPODS: 1.2.1
